NeoBundleLock ctrlp.vim 11e6c715e8ccc346fd083c5051305c0378b23833
NeoBundleLock jellybeans.vim fdc7b7ecd714c9afb0a5872ae87db0b23d50ea30
NeoBundleLock lightline.vim 0f2a26221a598f29bfccf64de3cb44136c95a5d1
NeoBundleLock neobundle.vim 9c62a8fcf9eb42d3956c703943c99f06a63112e6
NeoBundleLock neocomplcache 778181767467b8f8016828898779a646074d883a
NeoBundleLock neocomplete.vim 9af19a78e381a13513851d222c17be1bd2679f7e
NeoBundleLock neomru.vim 342cad2833ab23f104b3688e3a98635c2ae70c03
NeoBundleLock neosnippet a1508f88729e1c5912dd12417553f178494c4dd2
NeoBundleLock neosnippet-snippets 34dec3c984bcae52a871d6d0954030cb23802305
NeoBundleLock nerdtree 29cf96e45b4830a9a2351514fe102bb7a95a27d5
NeoBundleLock syntastic 9b45d5c4b46031c29a31ba72fbf1dcb6f0db6d5f
NeoBundleLock unite-colorscheme 505157450fe1a967c6c044d3bfe18d896e3d5d08
NeoBundleLock unite.vim 44d66296f85ed7d8c28fd73db639249550e10e03
NeoBundleLock vim-autoclose a9a3b7384657bc1f60a963fd6c08c63fc48d61c3
NeoBundleLock vim-colors-solarized 528a59f26d12278698bb946f8fb82a63711eec21
NeoBundleLock vim-quickrun c4c368c835b91c012b011dde613a914c0e167fd0
